// !$*UTF8*$!
{
	archiveVersion = 1;
	classes = {
	};
	objectVersion = 55;
	objects = {

/* Begin PBXBuildFile section */
		021C2B6D287C1B53004F8113 /* SearchViewController.swift in Sources */ = {isa = PBXBuildFile; fileRef = 021C2B6C287C1B53004F8113 /* SearchViewController.swift */; };
		021C2B71287C1CE6004F8113 /* SearchTableViewCell.swift in Sources */ = {isa = PBXBuildFile; fileRef = 021C2B70287C1CE6004F8113 /* SearchTableViewCell.swift */; };
		021C2B75287D6AC5004F8113 /* UITableView.swift in Sources */ = {isa = PBXBuildFile; fileRef = 021C2B74287D6AC5004F8113 /* UITableView.swift */; };
		021C2B77287D6F55004F8113 /* UICollectionView.swift in Sources */ = {isa = PBXBuildFile; fileRef = 021C2B76287D6F55004F8113 /* UICollectionView.swift */; };
		021C2BA4287DAE2A004F8113 /* SearchView.swift in Sources */ = {isa = PBXBuildFile; fileRef = 021C2BA3287DAE2A004F8113 /* SearchView.swift */; };
		0223A3D92859C31700E3602D /* Kingfisher in Frameworks */ = {isa = PBXBuildFile; productRef = 0223A3D82859C31700E3602D /* Kingfisher */; };
		0223A3DE285A739B00E3602D /* MovieDetails.swift in Sources */ = {isa = PBXBuildFile; fileRef = 0223A3DD285A739B00E3602D /* MovieDetails.swift */; };
		02271136285A78940049BECA /* Main.storyboard in Resources */ = {isa = PBXBuildFile; fileRef = 02271135285A78940049BECA /* Main.storyboard */; };
		02334D0D283E185E0099C92B /* AppDelegate.swift in Sources */ = {isa = PBXBuildFile; fileRef = 02334D0C283E185E0099C92B /* AppDelegate.swift */; };
		02334D0F283E185E0099C92B /* SceneDelegate.swift in Sources */ = {isa = PBXBuildFile; fileRef = 02334D0E283E185E0099C92B /* SceneDelegate.swift */; };
		02334D16283E18600099C92B /* Assets.xcassets in Resources */ = {isa = PBXBuildFile; fileRef = 02334D15283E18600099C92B /* Assets.xcassets */; };
		02334D19283E18600099C92B /* LaunchScreen.storyboard in Resources */ = {isa = PBXBuildFile; fileRef = 02334D17283E18600099C92B /* LaunchScreen.storyboard */; };
		02334D21283E228F0099C92B /* PlayingNowCollectionViewController.swift in Sources */ = {isa = PBXBuildFile; fileRef = 02334D20283E228F0099C92B /* PlayingNowCollectionViewController.swift */; };
		02334D23283E26980099C92B /* MostPopularViewController.swift in Sources */ = {isa = PBXBuildFile; fileRef = 02334D22283E26980099C92B /* MostPopularViewController.swift */; };
		02334D25283E438F0099C92B /* PlayingNowCollectionViewCell.swift in Sources */ = {isa = PBXBuildFile; fileRef = 02334D24283E438F0099C92B /* PlayingNowCollectionViewCell.swift */; };
		023463AE286F1F76001A703C /* StackMovieDetailView.swift in Sources */ = {isa = PBXBuildFile; fileRef = 023463AD286F1F76001A703C /* StackMovieDetailView.swift */; };
		023463B0286F24C2001A703C /* UIStackView.swift in Sources */ = {isa = PBXBuildFile; fileRef = 023463AF286F24C2001A703C /* UIStackView.swift */; };
		023463B2286F282A001A703C /* LeftAlignedCollectionViewFlowLayout.swift in Sources */ = {isa = PBXBuildFile; fileRef = 023463B1286F282A001A703C /* LeftAlignedCollectionViewFlowLayout.swift */; };
		023463B42872CE28001A703C /* MostPopularView.swift in Sources */ = {isa = PBXBuildFile; fileRef = 023463B32872CE28001A703C /* MostPopularView.swift */; };
		025F059928476BD200FF070D /* MostPopularCollectionViewCell.swift in Sources */ = {isa = PBXBuildFile; fileRef = 025F059828476BD200FF070D /* MostPopularCollectionViewCell.swift */; };
		025F059B284786CF00FF070D /* Movie.swift in Sources */ = {isa = PBXBuildFile; fileRef = 025F059A284786CF00FF070D /* Movie.swift */; };
		026D0D13284E646F00B5BF8B /* MovieDataService.swift in Sources */ = {isa = PBXBuildFile; fileRef = 026D0D12284E646F00B5BF8B /* MovieDataService.swift */; };
		026D0D37284F8A3C00B5BF8B /* MovieDetailViewController.swift in Sources */ = {isa = PBXBuildFile; fileRef = 026D0D36284F8A3C00B5BF8B /* MovieDetailViewController.swift */; };
		026D0D39284F9CE900B5BF8B /* PaddingLabel.swift in Sources */ = {isa = PBXBuildFile; fileRef = 026D0D38284F9CE900B5BF8B /* PaddingLabel.swift */; };
		0277AE182861C76700054D50 /* String.swift in Sources */ = {isa = PBXBuildFile; fileRef = 0277AE172861C76700054D50 /* String.swift */; };
		0277AE1A2861DF9100054D50 /* LaunchViewController.swift in Sources */ = {isa = PBXBuildFile; fileRef = 0277AE192861DF9100054D50 /* LaunchViewController.swift */; };
		0277AE5528646E0800054D50 /* DetailCollectionViewCell.swift in Sources */ = {isa = PBXBuildFile; fileRef = 0277AE5428646E0800054D50 /* DetailCollectionViewCell.swift */; };
		02F514E5286B948F006D7843 /* SelfSizingCollectionView.swift in Sources */ = {isa = PBXBuildFile; fileRef = 02F514E4286B948F006D7843 /* SelfSizingCollectionView.swift */; };
/* End PBXBuildFile section */

/* Begin PBXFileReference section */
		021C2B6C287C1B53004F8113 /* SearchViewController.swift */ = {isa = PBXFileReference; lastKnownFileType = sourcecode.swift; path = SearchViewController.swift; sourceTree = "<group>"; };
		021C2B70287C1CE6004F8113 /* SearchTableViewCell.swift */ = {isa = PBXFileReference; lastKnownFileType = sourcecode.swift; path = SearchTableViewCell.swift; sourceTree = "<group>"; };
		021C2B74287D6AC5004F8113 /* UITableView.swift */ = {isa = PBXFileReference; lastKnownFileType = sourcecode.swift; path = UITableView.swift; sourceTree = "<group>"; };
		021C2B76287D6F55004F8113 /* UICollectionView.swift */ = {isa = PBXFileReference; lastKnownFileType = sourcecode.swift; path = UICollectionView.swift; sourceTree = "<group>"; };
		021C2BA3287DAE2A004F8113 /* SearchView.swift */ = {isa = PBXFileReference; lastKnownFileType = sourcecode.swift; path = SearchView.swift; sourceTree = "<group>"; };
		0223A3DD285A739B00E3602D /* MovieDetails.swift */ = {isa = PBXFileReference; lastKnownFileType = sourcecode.swift; path = MovieDetails.swift; sourceTree = "<group>"; };
		02271135285A78940049BECA /* Main.storyboard */ = {isa = PBXFileReference; fileEncoding = 4; lastKnownFileType = file.storyboard; path = Main.storyboard; sourceTree = "<group>"; };
		02334D09283E185E0099C92B /* Movies.app */ = {isa = PBXFileReference; explicitFileType = wrapper.application; includeInIndex = 0; path = Movies.app; sourceTree = BUILT_PRODUCTS_DIR; };
		02334D0C283E185E0099C92B /* AppDelegate.swift */ = {isa = PBXFileReference; lastKnownFileType = sourcecode.swift; path = AppDelegate.swift; sourceTree = "<group>"; };
		02334D0E283E185E0099C92B /* SceneDelegate.swift */ = {isa = PBXFileReference; lastKnownFileType = sourcecode.swift; path = SceneDelegate.swift; sourceTree = "<group>"; };
		02334D15283E18600099C92B /* Assets.xcassets */ = {isa = PBXFileReference; lastKnownFileType = folder.assetcatalog; path = Assets.xcassets; sourceTree = "<group>"; };
		02334D18283E18600099C92B /* Base */ = {isa = PBXFileReference; lastKnownFileType = file.storyboard; name = Base; path = Base.lproj/LaunchScreen.storyboard; sourceTree = "<group>"; };
		02334D1A283E18600099C92B /* Info.plist */ = {isa = PBXFileReference; lastKnownFileType = text.plist.xml; path = Info.plist; sourceTree = "<group>"; };
		02334D20283E228F0099C92B /* PlayingNowCollectionViewController.swift */ = {isa = PBXFileReference; lastKnownFileType = sourcecode.swift; path = PlayingNowCollectionViewController.swift; sourceTree = "<group>"; };
		02334D22283E26980099C92B /* MostPopularViewController.swift */ = {isa = PBXFileReference; lastKnownFileType = sourcecode.swift; path = MostPopularViewController.swift; sourceTree = "<group>"; };
		02334D24283E438F0099C92B /* PlayingNowCollectionViewCell.swift */ = {isa = PBXFileReference; lastKnownFileType = sourcecode.swift; path = PlayingNowCollectionViewCell.swift; sourceTree = "<group>"; };
		023463AD286F1F76001A703C /* StackMovieDetailView.swift */ = {isa = PBXFileReference; lastKnownFileType = sourcecode.swift; path = StackMovieDetailView.swift; sourceTree = "<group>"; };
		023463AF286F24C2001A703C /* UIStackView.swift */ = {isa = PBXFileReference; lastKnownFileType = sourcecode.swift; path = UIStackView.swift; sourceTree = "<group>"; };
		023463B1286F282A001A703C /* LeftAlignedCollectionViewFlowLayout.swift */ = {isa = PBXFileReference; lastKnownFileType = sourcecode.swift; path = LeftAlignedCollectionViewFlowLayout.swift; sourceTree = "<group>"; };
		023463B32872CE28001A703C /* MostPopularView.swift */ = {isa = PBXFileReference; lastKnownFileType = sourcecode.swift; path = MostPopularView.swift; sourceTree = "<group>"; };
		025F059828476BD200FF070D /* MostPopularCollectionViewCell.swift */ = {isa = PBXFileReference; lastKnownFileType = sourcecode.swift; path = MostPopularCollectionViewCell.swift; sourceTree = "<group>"; };
		025F059A284786CF00FF070D /* Movie.swift */ = {isa = PBXFileReference; lastKnownFileType = sourcecode.swift; path = Movie.swift; sourceTree = "<group>"; };
		026D0D12284E646F00B5BF8B /* MovieDataService.swift */ = {isa = PBXFileReference; lastKnownFileType = sourcecode.swift; path = MovieDataService.swift; sourceTree = "<group>"; };
		026D0D36284F8A3C00B5BF8B /* MovieDetailViewController.swift */ = {isa = PBXFileReference; lastKnownFileType = sourcecode.swift; path = MovieDetailViewController.swift; sourceTree = "<group>"; };
		026D0D38284F9CE900B5BF8B /* PaddingLabel.swift */ = {isa = PBXFileReference; lastKnownFileType = sourcecode.swift; path = PaddingLabel.swift; sourceTree = "<group>"; };
		0277AE172861C76700054D50 /* String.swift */ = {isa = PBXFileReference; lastKnownFileType = sourcecode.swift; path = String.swift; sourceTree = "<group>"; };
		0277AE192861DF9100054D50 /* LaunchViewController.swift */ = {isa = PBXFileReference; lastKnownFileType = sourcecode.swift; path = LaunchViewController.swift; sourceTree = "<group>"; };
		0277AE5428646E0800054D50 /* DetailCollectionViewCell.swift */ = {isa = PBXFileReference; lastKnownFileType = sourcecode.swift; path = DetailCollectionViewCell.swift; sourceTree = "<group>"; };
		02F514E4286B948F006D7843 /* SelfSizingCollectionView.swift */ = {isa = PBXFileReference; lastKnownFileType = sourcecode.swift; path = SelfSizingCollectionView.swift; sourceTree = "<group>"; };
/* End PBXFileReference section */

/* Begin PBXFrameworksBuildPhase section */
		02334D06283E185E0099C92B /* Frameworks */ = {
			isa = PBXFrameworksBuildPhase;
			buildActionMask = 2147483647;
			files = (
				0223A3D92859C31700E3602D /* Kingfisher in Frameworks */,
			);
			runOnlyForDeploymentPostprocessing = 0;
		};
/* End PBXFrameworksBuildPhase section */

/* Begin PBXGroup section */
		021C2BA5287DB217004F8113 /* Features */ = {
			isa = PBXGroup;
			children = (
				0277AE192861DF9100054D50 /* LaunchViewController.swift */,
				021C2BA8287DB242004F8113 /* PlayingNow */,
				021C2BA7287DB233004F8113 /* MostPopular */,
				021C2BAA287DB286004F8113 /* Search */,
				021C2BA9287DB25D004F8113 /* DetailView */,
			);
			path = Features;
			sourceTree = "<group>";
		};
		021C2BA7287DB233004F8113 /* MostPopular */ = {
			isa = PBXGroup;
			children = (
				025F059828476BD200FF070D /* MostPopularCollectionViewCell.swift */,
				023463B32872CE28001A703C /* MostPopularView.swift */,
				02334D22283E26980099C92B /* MostPopularViewController.swift */,
			);
			path = MostPopular;
			sourceTree = "<group>";
		};
		021C2BA8287DB242004F8113 /* PlayingNow */ = {
			isa = PBXGroup;
			children = (
				02334D24283E438F0099C92B /* PlayingNowCollectionViewCell.swift */,
				02334D20283E228F0099C92B /* PlayingNowCollectionViewController.swift */,
			);
			path = PlayingNow;
			sourceTree = "<group>";
		};
		021C2BA9287DB25D004F8113 /* DetailView */ = {
			isa = PBXGroup;
			children = (
				0277AE5428646E0800054D50 /* DetailCollectionViewCell.swift */,
				023463AD286F1F76001A703C /* StackMovieDetailView.swift */,
				026D0D36284F8A3C00B5BF8B /* MovieDetailViewController.swift */,
			);
			path = DetailView;
			sourceTree = "<group>";
		};
		021C2BAA287DB286004F8113 /* Search */ = {
			isa = PBXGroup;
			children = (
				021C2B70287C1CE6004F8113 /* SearchTableViewCell.swift */,
				021C2BA3287DAE2A004F8113 /* SearchView.swift */,
				021C2B6C287C1B53004F8113 /* SearchViewController.swift */,
			);
			path = Search;
			sourceTree = "<group>";
		};
		0223A3DB285A734600E3602D /* Models */ = {
			isa = PBXGroup;
			children = (
				025F059A284786CF00FF070D /* Movie.swift */,
				0223A3DD285A739B00E3602D /* MovieDetails.swift */,
			);
			path = Models;
			sourceTree = "<group>";
		};
		0223A3DC285A735500E3602D /* Services */ = {
			isa = PBXGroup;
			children = (
				026D0D12284E646F00B5BF8B /* MovieDataService.swift */,
			);
			path = Services;
			sourceTree = "<group>";
		};
		02271137285A7AAD0049BECA /* Storyboards */ = {
			isa = PBXGroup;
			children = (
				02334D17283E18600099C92B /* LaunchScreen.storyboard */,
				02271135285A78940049BECA /* Main.storyboard */,
			);
			path = Storyboards;
			sourceTree = "<group>";
		};
		02271138285A7D6C0049BECA /* Application */ = {
			isa = PBXGroup;
			children = (
				02334D0C283E185E0099C92B /* AppDelegate.swift */,
				02334D0E283E185E0099C92B /* SceneDelegate.swift */,
				02334D1A283E18600099C92B /* Info.plist */,
			);
			path = Application;
			sourceTree = "<group>";
		};
		02271139285A7DE10049BECA /* Views */ = {
			isa = PBXGroup;
			children = (
				026D0D38284F9CE900B5BF8B /* PaddingLabel.swift */,
				023463B1286F282A001A703C /* LeftAlignedCollectionViewFlowLayout.swift */,
				02F514E4286B948F006D7843 /* SelfSizingCollectionView.swift */,
			);
			path = Views;
			sourceTree = "<group>";
		};
		0227113A285A7E180049BECA /* Resources */ = {
			isa = PBXGroup;
			children = (
				02334D15283E18600099C92B /* Assets.xcassets */,
			);
			path = Resources;
			sourceTree = "<group>";
		};
		02334D00283E185E0099C92B = {
			isa = PBXGroup;
			children = (
				02271138285A7D6C0049BECA /* Application */,
				02271137285A7AAD0049BECA /* Storyboards */,
				0227113A285A7E180049BECA /* Resources */,
				0277AE162861C75500054D50 /* Extensions */,
				0223A3DB285A734600E3602D /* Models */,
				02271139285A7DE10049BECA /* Views */,
				0223A3DC285A735500E3602D /* Services */,
				021C2BA5287DB217004F8113 /* Features */,
				02334D0A283E185E0099C92B /* Products */,
			);
			sourceTree = "<group>";
		};
		02334D0A283E185E0099C92B /* Products */ = {
			isa = PBXGroup;
			children = (
				02334D09283E185E0099C92B /* Movies.app */,
			);
			name = Products;
			sourceTree = "<group>";
		};
		0277AE162861C75500054D50 /* Extensions */ = {
			isa = PBXGroup;
			children = (
				0277AE172861C76700054D50 /* String.swift */,
				023463AF286F24C2001A703C /* UIStackView.swift */,
				021C2B74287D6AC5004F8113 /* UITableView.swift */,
				021C2B76287D6F55004F8113 /* UICollectionView.swift */,
			);
			name = Extensions;
			sourceTree = "<group>";
		};
/* End PBXGroup section */

/* Begin PBXNativeTarget section */
		02334D08283E185E0099C92B /* Movies */ = {
			isa = PBXNativeTarget;
			buildConfigurationList = 02334D1D283E18600099C92B /* Build configuration list for PBXNativeTarget "Movies" */;
			buildPhases = (
				02334D05283E185E0099C92B /* Sources */,
				02334D06283E185E0099C92B /* Frameworks */,
				02334D07283E185E0099C92B /* Resources */,
			);
			buildRules = (
			);
			dependencies = (
			);
			name = Movies;
			packageProductDependencies = (
				0223A3D82859C31700E3602D /* Kingfisher */,
			);
			productName = Movies;
			productReference = 02334D09283E185E0099C92B /* Movies.app */;
			productType = "com.apple.product-type.application";
		};
/* End PBXNativeTarget section */

/* Begin PBXProject section */
		02334D01283E185E0099C92B /* Project object */ = {
			isa = PBXProject;
			attributes = {
				BuildIndependentTargetsInParallel = 1;
				LastSwiftUpdateCheck = 1330;
				LastUpgradeCheck = 1330;
				TargetAttributes = {
					02334D08283E185E0099C92B = {
						CreatedOnToolsVersion = 13.3;
					};
				};
			};
			buildConfigurationList = 02334D04283E185E0099C92B /* Build configuration list for PBXProject "Movies" */;
			compatibilityVersion = "Xcode 13.0";
			developmentRegion = en;
			hasScannedForEncodings = 0;
			knownRegions = (
				en,
				Base,
			);
			mainGroup = 02334D00283E185E0099C92B;
			packageReferences = (
				0223A3D72859C31700E3602D /* XCRemoteSwiftPackageReference "Kingfisher" */,
			);
			productRefGroup = 02334D0A283E185E0099C92B /* Products */;
			projectDirPath = "";
			projectRoot = "";
			targets = (
				02334D08283E185E0099C92B /* Movies */,
			);
		};
/* End PBXProject section */

/* Begin PBXResourcesBuildPhase section */
		02334D07283E185E0099C92B /* Resources */ = {
			isa = PBXResourcesBuildPhase;
			buildActionMask = 2147483647;
			files = (
				02271136285A78940049BECA /* Main.storyboard in Resources */,
				02334D19283E18600099C92B /* LaunchScreen.storyboard in Resources */,
				02334D16283E18600099C92B /* Assets.xcassets in Resources */,
			);
			runOnlyForDeploymentPostprocessing = 0;
		};
/* End PBXResourcesBuildPhase section */

/* Begin PBXSourcesBuildPhase section */
		02334D05283E185E0099C92B /* Sources */ = {
			isa = PBXSourcesBuildPhase;
			buildActionMask = 2147483647;
			files = (
				0277AE1A2861DF9100054D50 /* LaunchViewController.swift in Sources */,
				023463B0286F24C2001A703C /* UIStackView.swift in Sources */,
				02334D23283E26980099C92B /* MostPopularViewController.swift in Sources */,
				02334D0D283E185E0099C92B /* AppDelegate.swift in Sources */,
				023463B2286F282A001A703C /* LeftAlignedCollectionViewFlowLayout.swift in Sources */,
				023463AE286F1F76001A703C /* StackMovieDetailView.swift in Sources */,
				026D0D13284E646F00B5BF8B /* MovieDataService.swift in Sources */,
				021C2B75287D6AC5004F8113 /* UITableView.swift in Sources */,
				025F059928476BD200FF070D /* MostPopularCollectionViewCell.swift in Sources */,
				02334D21283E228F0099C92B /* PlayingNowCollectionViewController.swift in Sources */,
				0223A3DE285A739B00E3602D /* MovieDetails.swift in Sources */,
				021C2B77287D6F55004F8113 /* UICollectionView.swift in Sources */,
				021C2B6D287C1B53004F8113 /* SearchViewController.swift in Sources */,
				023463B42872CE28001A703C /* MostPopularView.swift in Sources */,
				0277AE5528646E0800054D50 /* DetailCollectionViewCell.swift in Sources */,
				0277AE182861C76700054D50 /* String.swift in Sources */,
				021C2B71287C1CE6004F8113 /* SearchTableViewCell.swift in Sources */,
				021C2BA4287DAE2A004F8113 /* SearchView.swift in Sources */,
				025F059B284786CF00FF070D /* Movie.swift in Sources */,
				026D0D37284F8A3C00B5BF8B /* MovieDetailViewController.swift in Sources */,
				02334D25283E438F0099C92B /* PlayingNowCollectionViewCell.swift in Sources */,
				02334D0F283E185E0099C92B /* SceneDelegate.swift in Sources */,
				02F514E5286B948F006D7843 /* SelfSizingCollectionView.swift in Sources */,
				026D0D39284F9CE900B5BF8B /* PaddingLabel.swift in Sources */,
			);
			runOnlyForDeploymentPostprocessing = 0;
		};
/* End PBXSourcesBuildPhase section */

/* Begin PBXVariantGroup section */
		02334D17283E18600099C92B /* LaunchScreen.storyboard */ = {
			isa = PBXVariantGroup;
			children = (
				02334D18283E18600099C92B /* Base */,
			);
			name = LaunchScreen.storyboard;
			sourceTree = "<group>";
		};
/* End PBXVariantGroup section */

/* Begin XCBuildConfiguration section */
		02334D1B283E18600099C92B /* Debug */ = {
			isa = XCBuildConfiguration;
			buildSettings = {
				ALWAYS_SEARCH_USER_PATHS = NO;
				CLANG_ANALYZER_NONNULL = YES;
				CLANG_ANALYZER_NUMBER_OBJECT_CONVERSION = YES_AGGRESSIVE;
				CLANG_CXX_LANGUAGE_STANDARD = "gnu++17";
				CLANG_ENABLE_MODULES = YES;
				CLANG_ENABLE_OBJC_ARC = YES;
				CLANG_ENABLE_OBJC_WEAK = YES;
				CLANG_WARN_BLOCK_CAPTURE_AUTORELEASING = YES;
				CLANG_WARN_BOOL_CONVERSION = YES;
				CLANG_WARN_COMMA = YES;
				CLANG_WARN_CONSTANT_CONVERSION = YES;
				CLANG_WARN_DEPRECATED_OBJC_IMPLEMENTATIONS = YES;
				CLANG_WARN_DIRECT_OBJC_ISA_USAGE = YES_ERROR;
				CLANG_WARN_DOCUMENTATION_COMMENTS = YES;
				CLANG_WARN_EMPTY_BODY = YES;
				CLANG_WARN_ENUM_CONVERSION = YES;
				CLANG_WARN_INFINITE_RECURSION = YES;
				CLANG_WARN_INT_CONVERSION = YES;
				CLANG_WARN_NON_LITERAL_NULL_CONVERSION = YES;
				CLANG_WARN_OBJC_IMPLICIT_RETAIN_SELF = YES;
				CLANG_WARN_OBJC_LITERAL_CONVERSION = YES;
				CLANG_WARN_OBJC_ROOT_CLASS = YES_ERROR;
				CLANG_WARN_QUOTED_INCLUDE_IN_FRAMEWORK_HEADER = YES;
				CLANG_WARN_RANGE_LOOP_ANALYSIS = YES;
				CLANG_WARN_STRICT_PROTOTYPES = YES;
				CLANG_WARN_SUSPICIOUS_MOVE = YES;
				CLANG_WARN_UNGUARDED_AVAILABILITY = YES_AGGRESSIVE;
				CLANG_WARN_UNREACHABLE_CODE = YES;
				CLANG_WARN__DUPLICATE_METHOD_MATCH = YES;
				COPY_PHASE_STRIP = NO;
				DEBUG_INFORMATION_FORMAT = dwarf;
				ENABLE_STRICT_OBJC_MSGSEND = YES;
				ENABLE_TESTABILITY = YES;
				GCC_C_LANGUAGE_STANDARD = gnu11;
				GCC_DYNAMIC_NO_PIC = NO;
				GCC_NO_COMMON_BLOCKS = YES;
				GCC_OPTIMIZATION_LEVEL = 0;
				GCC_PREPROCESSOR_DEFINITIONS = (
					"DEBUG=1",
					"$(inherited)",
				);
				GCC_WARN_64_TO_32_BIT_CONVERSION = YES;
				GCC_WARN_ABOUT_RETURN_TYPE = YES_ERROR;
				GCC_WARN_UNDECLARED_SELECTOR = YES;
				GCC_WARN_UNINITIALIZED_AUTOS = YES_AGGRESSIVE;
				GCC_WARN_UNUSED_FUNCTION = YES;
				GCC_WARN_UNUSED_VARIABLE = YES;
				IPHONEOS_DEPLOYMENT_TARGET = 15.4;
				MTL_ENABLE_DEBUG_INFO = INCLUDE_SOURCE;
				MTL_FAST_MATH = YES;
				ONLY_ACTIVE_ARCH = YES;
				SDKROOT = iphoneos;
				SWIFT_ACTIVE_COMPILATION_CONDITIONS = DEBUG;
				SWIFT_OPTIMIZATION_LEVEL = "-Onone";
			};
			name = Debug;
		};
		02334D1C283E18600099C92B /* Release */ = {
			isa = XCBuildConfiguration;
			buildSettings = {
				ALWAYS_SEARCH_USER_PATHS = NO;
				CLANG_ANALYZER_NONNULL = YES;
				CLANG_ANALYZER_NUMBER_OBJECT_CONVERSION = YES_AGGRESSIVE;
				CLANG_CXX_LANGUAGE_STANDARD = "gnu++17";
				CLANG_ENABLE_MODULES = YES;
				CLANG_ENABLE_OBJC_ARC = YES;
				CLANG_ENABLE_OBJC_WEAK = YES;
				CLANG_WARN_BLOCK_CAPTURE_AUTORELEASING = YES;
				CLANG_WARN_BOOL_CONVERSION = YES;
				CLANG_WARN_COMMA = YES;
				CLANG_WARN_CONSTANT_CONVERSION = YES;
				CLANG_WARN_DEPRECATED_OBJC_IMPLEMENTATIONS = YES;
				CLANG_WARN_DIRECT_OBJC_ISA_USAGE = YES_ERROR;
				CLANG_WARN_DOCUMENTATION_COMMENTS = YES;
				CLANG_WARN_EMPTY_BODY = YES;
				CLANG_WARN_ENUM_CONVERSION = YES;
				CLANG_WARN_INFINITE_RECURSION = YES;
				CLANG_WARN_INT_CONVERSION = YES;
				CLANG_WARN_NON_LITERAL_NULL_CONVERSION = YES;
				CLANG_WARN_OBJC_IMPLICIT_RETAIN_SELF = YES;
				CLANG_WARN_OBJC_LITERAL_CONVERSION = YES;
				CLANG_WARN_OBJC_ROOT_CLASS = YES_ERROR;
				CLANG_WARN_QUOTED_INCLUDE_IN_FRAMEWORK_HEADER = YES;
				CLANG_WARN_RANGE_LOOP_ANALYSIS = YES;
				CLANG_WARN_STRICT_PROTOTYPES = YES;
				CLANG_WARN_SUSPICIOUS_MOVE = YES;
				CLANG_WARN_UNGUARDED_AVAILABILITY = YES_AGGRESSIVE;
				CLANG_WARN_UNREACHABLE_CODE = YES;
				CLANG_WARN__DUPLICATE_METHOD_MATCH = YES;
				COPY_PHASE_STRIP = NO;
				DEBUG_INFORMATION_FORMAT = "dwarf-with-dsym";
				ENABLE_NS_ASSERTIONS = NO;
				ENABLE_STRICT_OBJC_MSGSEND = YES;
				GCC_C_LANGUAGE_STANDARD = gnu11;
				GCC_NO_COMMON_BLOCKS = YES;
				GCC_WARN_64_TO_32_BIT_CONVERSION = YES;
				GCC_WARN_ABOUT_RETURN_TYPE = YES_ERROR;
				GCC_WARN_UNDECLARED_SELECTOR = YES;
				GCC_WARN_UNINITIALIZED_AUTOS = YES_AGGRESSIVE;
				GCC_WARN_UNUSED_FUNCTION = YES;
				GCC_WARN_UNUSED_VARIABLE = YES;
				IPHONEOS_DEPLOYMENT_TARGET = 15.4;
				MTL_ENABLE_DEBUG_INFO = NO;
				MTL_FAST_MATH = YES;
				SDKROOT = iphoneos;
				SWIFT_COMPILATION_MODE = wholemodule;
				SWIFT_OPTIMIZATION_LEVEL = "-O";
				VALIDATE_PRODUCT = YES;
			};
			name = Release;
		};
		02334D1E283E18600099C92B /* Debug */ = {
			isa = XCBuildConfiguration;
			buildSettings = {
				ASSETCATALOG_COMPILER_APPICON_NAME = AppIcon;
				ASSETCATALOG_COMPILER_GLOBAL_ACCENT_COLOR_NAME = AccentColor;
				CODE_SIGN_IDENTITY = "iPhone Developer";
				CODE_SIGN_STYLE = Manual;
				CURRENT_PROJECT_VERSION = 1;
				DEVELOPMENT_TEAM = PGFLRY3JL2;
				GENERATE_INFOPLIST_FILE = YES;
				INFOPLIST_FILE = Application/Info.plist;
				INFOPLIST_KEY_UIApplicationSupportsIndirectInputEvents = YES;
				INFOPLIST_KEY_UILaunchStoryboardName = LaunchScreen;
				INFOPLIST_KEY_UIMainStoryboardFile = Main;
				INFOPLIST_KEY_UISupportedInterfaceOrientations_iPad = "UIInterfaceOrientationPortrait UIInterfaceOrientationPortraitUpsideDown UIInterfaceOrientationLandscapeLeft UIInterfaceOrientationLandscapeRight";
				INFOPLIST_KEY_UISupportedInterfaceOrientations_iPhone = "UIInterfaceOrientationPortrait UIInterfaceOrientationLandscapeLeft UIInterfaceOrientationLandscapeRight";
				LD_RUNPATH_SEARCH_PATHS = (
					"$(inherited)",
					"@executable_path/Frameworks",
				);
				MARKETING_VERSION = 1.0;
				PRODUCT_BUNDLE_IDENTIFIER = chizhik.diana.apps;
				PRODUCT_NAME = "$(TARGET_NAME)";
				PROVISIONING_PROFILE_SPECIFIER = "match Development chizhik.diana.apps";
				SWIFT_EMIT_LOC_STRINGS = YES;
				SWIFT_VERSION = 5.0;
				TARGETED_DEVICE_FAMILY = "1,2";
			};
			name = Debug;
		};
		02334D1F283E18600099C92B /* Release */ = {
			isa = XCBuildConfiguration;
			buildSettings = {
				ASSETCATALOG_COMPILER_APPICON_NAME = AppIcon;
				ASSETCATALOG_COMPILER_GLOBAL_ACCENT_COLOR_NAME = AccentColor;
				CODE_SIGN_IDENTITY = "iPhone Developer";
				CODE_SIGN_STYLE = Manual;
				CURRENT_PROJECT_VERSION = 1;
				DEVELOPMENT_TEAM = PGFLRY3JL2;
				GENERATE_INFOPLIST_FILE = YES;
				INFOPLIST_FILE = Application/Info.plist;
				INFOPLIST_KEY_UIApplicationSupportsIndirectInputEvents = YES;
				INFOPLIST_KEY_UILaunchStoryboardName = LaunchScreen;
				INFOPLIST_KEY_UIMainStoryboardFile = Main;
				INFOPLIST_KEY_UISupportedInterfaceOrientations_iPad = "UIInterfaceOrientationPortrait UIInterfaceOrientationPortraitUpsideDown UIInterfaceOrientationLandscapeLeft UIInterfaceOrientationLandscapeRight";
				INFOPLIST_KEY_UISupportedInterfaceOrientations_iPhone = "UIInterfaceOrientationPortrait UIInterfaceOrientationLandscapeLeft UIInterfaceOrientationLandscapeRight";
				LD_RUNPATH_SEARCH_PATHS = (
					"$(inherited)",
					"@executable_path/Frameworks",
				);
				MARKETING_VERSION = 1.0;
				PRODUCT_BUNDLE_IDENTIFIER = chizhik.diana.apps;
				PRODUCT_NAME = "$(TARGET_NAME)";
				PROVISIONING_PROFILE_SPECIFIER = "match Development chizhik.diana.apps";
				SWIFT_EMIT_LOC_STRINGS = YES;
				SWIFT_VERSION = 5.0;
				TARGETED_DEVICE_FAMILY = "1,2";
			};
			name = Release;
		};
/* End XCBuildConfiguration section */

/* Begin XCConfigurationList section */
		02334D04283E185E0099C92B /* Build configuration list for PBXProject "Movies" */ = {
			isa = XCConfigurationList;
			buildConfigurations = (
				02334D1B283E18600099C92B /* Debug */,
				02334D1C283E18600099C92B /* Release */,
			);
			defaultConfigurationIsVisible = 0;
			defaultConfigurationName = Release;
		};
		02334D1D283E18600099C92B /* Build configuration list for PBXNativeTarget "Movies" */ = {
			isa = XCConfigurationList;
			buildConfigurations = (
				02334D1E283E18600099C92B /* Debug */,
				02334D1F283E18600099C92B /* Release */,
			);
			defaultConfigurationIsVisible = 0;
			defaultConfigurationName = Release;
		};
/* End XCConfigurationList section */

/* Begin XCRemoteSwiftPackageReference section */
		0223A3D72859C31700E3602D /* XCRemoteSwiftPackageReference "Kingfisher" */ = {
			isa = XCRemoteSwiftPackageReference;
			repositoryURL = "https://github.com/onevcat/Kingfisher.git";
			requirement = {
				kind = upToNextMajorVersion;
				minimumVersion = 7.0.0;
			};
		};
/* End XCRemoteSwiftPackageReference section */

/* Begin XCSwiftPackageProductDependency section */
		0223A3D82859C31700E3602D /* Kingfisher */ = {
			isa = XCSwiftPackageProductDependency;
			package = 0223A3D72859C31700E3602D /* XCRemoteSwiftPackageReference "Kingfisher" */;
			productName = Kingfisher;
		};
/* End XCSwiftPackageProductDependency section */
	};
	rootObject = 02334D01283E185E0099C92B /* Project object */;
}
